// !$*UTF8*$!
{
	archiveVersion = 1;
	classes = {
	};
	objectVersion = 56;
	objects = {

/* Begin PBXBuildFile section */
		3AA8CA952B9AB5AD0041FDDB /* Assets.xcassets in Resources */ = {isa = PBXBuildFile; fileRef = 3AA8CA942B9AB5AD0041FDDB /* Assets.xcassets */; };
		3AA8CAC12B9AB6650041FDDB /* main.cpp in Sources */ = {isa = PBXBuildFile; fileRef = 3AA8CABF2B9AB6650041FDDB /* main.cpp */; };
		3AA8CAC62B9AB6BD0041FDDB /* SDL2.framework in Frameworks */ = {isa = PBXBuildFile; fileRef = 3AA8CAC52B9AB6BD0041FDDB /* SDL2.framework */; };
		3AA8CAC72B9AB6BD0041FDDB /* SDL2.framework in Embed Frameworks */ = {isa = PBXBuildFile; fileRef = 3AA8CAC52B9AB6BD0041FDDB /* SDL2.framework */; settings = {ATTRIBUTES = (CodeSignOnCopy, RemoveHeadersOnCopy, ); }; };
/* End PBXBuildFile section */

/* Begin PBXContainerItemProxy section */
		3AA8CAA12B9AB5AE0041FDDB /* PBXContainerItemProxy */ = {
			isa = PBXContainerItemProxy;
			containerPortal = 3AA8CA862B9AB5AC0041FDDB /* Project object */;
			proxyType = 1;
			remoteGlobalIDString = 3AA8CA8D2B9AB5AC0041FDDB;
			remoteInfo = GeometryDash;
		};
		3AA8CAAB2B9AB5AE0041FDDB /* PBXContainerItemProxy */ = {
			isa = PBXContainerItemProxy;
			containerPortal = 3AA8CA862B9AB5AC0041FDDB /* Project object */;
			proxyType = 1;
			remoteGlobalIDString = 3AA8CA8D2B9AB5AC0041FDDB;
			remoteInfo = GeometryDash;
		};
/* End PBXContainerItemProxy section */

/* Begin PBXCopyFilesBuildPhase section */
		3AA8CAC82B9AB6BD0041FDDB /* Embed Frameworks */ = {
			isa = PBXCopyFilesBuildPhase;
			buildActionMask = 2147483647;
			dstPath = "";
			dstSubfolderSpec = 10;
			files = (
				3AA8CAC72B9AB6BD0041FDDB /* SDL2.framework in Embed Frameworks */,
			);
			name = "Embed Frameworks";
			runOnlyForDeploymentPostprocessing = 0;
		};
/* End PBXCopyFilesBuildPhase section */

/* Begin PBXFileReference section */
		3AA8CA8E2B9AB5AC0041FDDB /* GeometryDash.app */ = {isa = PBXFileReference; explicitFileType = wrapper.application; includeInIndex = 0; path = GeometryDash.app; sourceTree = BUILT_PRODUCTS_DIR; };
		3AA8CA942B9AB5AD0041FDDB /* Assets.xcassets */ = {isa = PBXFileReference; lastKnownFileType = folder.assetcatalog; path = Assets.xcassets; sourceTree = "<group>"; };
		3AA8CA9B2B9AB5AD0041FDDB /* GeometryDash.entitlements */ = {isa = PBXFileReference; lastKnownFileType = text.plist.entitlements; path = GeometryDash.entitlements; sourceTree = "<group>"; };
		3AA8CAA02B9AB5AE0041FDDB /* GeometryDashTests.xctest */ = {isa = PBXFileReference; explicitFileType = wrapper.cfbundle; includeInIndex = 0; path = GeometryDashTests.xctest; sourceTree = BUILT_PRODUCTS_DIR; };
		3AA8CAAA2B9AB5AE0041FDDB /* GeometryDashUITests.xctest */ = {isa = PBXFileReference; explicitFileType = wrapper.cfbundle; includeInIndex = 0; path = GeometryDashUITests.xctest; sourceTree = BUILT_PRODUCTS_DIR; };
		3AA8CABF2B9AB6650041FDDB /* main.cpp */ = {isa = PBXFileReference; lastKnownFileType = sourcecode.cpp.cpp; path = main.cpp; sourceTree = "<group>"; };
		3AA8CAC02B9AB6650041FDDB /* main.hpp */ = {isa = PBXFileReference; lastKnownFileType = sourcecode.cpp.h; path = main.hpp; sourceTree = "<group>"; };
		3AA8CAC52B9AB6BD0041FDDB /* SDL2.framework */ = {isa = PBXFileReference; lastKnownFileType = wrapper.framework; name = SDL2.framework; path = ../../../../../Library/Frameworks/SDL2.framework; sourceTree = "<group>"; };
/* End PBXFileReference section */

/* Begin PBXFrameworksBuildPhase section */
		3AA8CA8B2B9AB5AC0041FDDB /* Frameworks */ = {
			isa = PBXFrameworksBuildPhase;
			buildActionMask = 2147483647;
			files = (
				3AA8CAC62B9AB6BD0041FDDB /* SDL2.framework in Frameworks */,
			);
			runOnlyForDeploymentPostprocessing = 0;
		};
		3AA8CA9D2B9AB5AE0041FDDB /* Frameworks */ = {
			isa = PBXFrameworksBuildPhase;
			buildActionMask = 2147483647;
			files = (
			);
			runOnlyForDeploymentPostprocessing = 0;
		};
		3AA8CAA72B9AB5AE0041FDDB /* Frameworks */ = {
			isa = PBXFrameworksBuildPhase;
			buildActionMask = 2147483647;
			files = (
			);
			runOnlyForDeploymentPostprocessing = 0;
		};
/* End PBXFrameworksBuildPhase section */

/* Begin PBXGroup section */
		3AA8CA852B9AB5AC0041FDDB = {
			isa = PBXGroup;
			children = (
				3AA8CAC42B9AB6BD0041FDDB /* Frameworks */,
				3AA8CA902B9AB5AC0041FDDB /* GeometryDash */,
				3AA8CA8F2B9AB5AC0041FDDB /* Products */,
			);
			sourceTree = "<group>";
		};
		3AA8CA8F2B9AB5AC0041FDDB /* Products */ = {
			isa = PBXGroup;
			children = (
				3AA8CA8E2B9AB5AC0041FDDB /* GeometryDash.app */,
				3AA8CAA02B9AB5AE0041FDDB /* GeometryDashTests.xctest */,
				3AA8CAAA2B9AB5AE0041FDDB /* GeometryDashUITests.xctest */,
			);
			name = Products;
			sourceTree = "<group>";
		};
		3AA8CA902B9AB5AC0041FDDB /* GeometryDash */ = {
			isa = PBXGroup;
			children = (
				3AA8CAC32B9AB67B0041FDDB /* Player */,
				3AA8CAC22B9AB66A0041FDDB /* GameEngine */,
				3AA8CA942B9AB5AD0041FDDB /* Assets.xcassets */,
				3AA8CA9B2B9AB5AD0041FDDB /* GeometryDash.entitlements */,
				3AA8CABF2B9AB6650041FDDB /* main.cpp */,
				3AA8CAC02B9AB6650041FDDB /* main.hpp */,
			);
			path = GeometryDash;
			sourceTree = "<group>";
		};
		3AA8CAC22B9AB66A0041FDDB /* GameEngine */ = {
			isa = PBXGroup;
			children = (
			);
			path = GameEngine;
			sourceTree = "<group>";
		};
		3AA8CAC32B9AB67B0041FDDB /* Player */ = {
			isa = PBXGroup;
			children = (
			);
			path = Player;
			sourceTree = "<group>";
		};
		3AA8CAC42B9AB6BD0041FDDB /* Frameworks */ = {
			isa = PBXGroup;
			children = (
				3AA8CAC52B9AB6BD0041FDDB /* SDL2.framework */,
			);
			name = Frameworks;
			sourceTree = "<group>";
		};
/* End PBXGroup section */

/* Begin PBXNativeTarget section */
		3AA8CA8D2B9AB5AC0041FDDB /* GeometryDash */ = {
			isa = PBXNativeTarget;
			buildConfigurationList = 3AA8CAB42B9AB5AE0041FDDB /* Build configuration list for PBXNativeTarget "GeometryDash" */;
			buildPhases = (
				3AA8CA8A2B9AB5AC0041FDDB /* Sources */,
				3AA8CA8B2B9AB5AC0041FDDB /* Frameworks */,
				3AA8CA8C2B9AB5AC0041FDDB /* Resources */,
				3AA8CAC82B9AB6BD0041FDDB /* Embed Frameworks */,
			);
			buildRules = (
			);
			dependencies = (
			);
			name = GeometryDash;
			productName = GeometryDash;
			productReference = 3AA8CA8E2B9AB5AC0041FDDB /* GeometryDash.app */;
			productType = "com.apple.product-type.application";
		};
		3AA8CA9F2B9AB5AE0041FDDB /* GeometryDashTests */ = {
			isa = PBXNativeTarget;
			buildConfigurationList = 3AA8CAB72B9AB5AE0041FDDB /* Build configuration list for PBXNativeTarget "GeometryDashTests" */;
			buildPhases = (
				3AA8CA9C2B9AB5AE0041FDDB /* Sources */,
				3AA8CA9D2B9AB5AE0041FDDB /* Frameworks */,
				3AA8CA9E2B9AB5AE0041FDDB /* Resources */,
			);
			buildRules = (
			);
			dependencies = (
				3AA8CAA22B9AB5AE0041FDDB /* PBXTargetDependency */,
			);
			name = GeometryDashTests;
			productName = GeometryDashTests;
			productReference = 3AA8CAA02B9AB5AE0041FDDB /* GeometryDashTests.xctest */;
			productType = "com.apple.product-type.bundle.unit-test";
		};
		3AA8CAA92B9AB5AE0041FDDB /* GeometryDashUITests */ = {
			isa = PBXNativeTarget;
			buildConfigurationList = 3AA8CABA2B9AB5AE0041FDDB /* Build configuration list for PBXNativeTarget "GeometryDashUITests" */;
			buildPhases = (
				3AA8CAA62B9AB5AE0041FDDB /* Sources */,
				3AA8CAA72B9AB5AE0041FDDB /* Frameworks */,
				3AA8CAA82B9AB5AE0041FDDB /* Resources */,
			);
			buildRules = (
			);
			dependencies = (
				3AA8CAAC2B9AB5AE0041FDDB /* PBXTargetDependency */,
			);
			name = GeometryDashUITests;
			productName = GeometryDashUITests;
			productReference = 3AA8CAAA2B9AB5AE0041FDDB /* GeometryDashUITests.xctest */;
			productType = "com.apple.product-type.bundle.ui-testing";
		};
/* End PBXNativeTarget section */

/* Begin PBXProject section */
		3AA8CA862B9AB5AC0041FDDB /* Project object */ = {
			isa = PBXProject;
			attributes = {
				BuildIndependentTargetsInParallel = 1;
				LastUpgradeCheck = 1520;
				TargetAttributes = {
					3AA8CA8D2B9AB5AC0041FDDB = {
						CreatedOnToolsVersion = 15.2;
					};
					3AA8CA9F2B9AB5AE0041FDDB = {
						CreatedOnToolsVersion = 15.2;
						TestTargetID = 3AA8CA8D2B9AB5AC0041FDDB;
					};
					3AA8CAA92B9AB5AE0041FDDB = {
						CreatedOnToolsVersion = 15.2;
						TestTargetID = 3AA8CA8D2B9AB5AC0041FDDB;
					};
				};
			};
			buildConfigurationList = 3AA8CA892B9AB5AC0041FDDB /* Build configuration list for PBXProject "GeometryDash" */;
			compatibilityVersion = "Xcode 14.0";
			developmentRegion = en;
			hasScannedForEncodings = 0;
			knownRegions = (
				en,
				Base,
			);
			mainGroup = 3AA8CA852B9AB5AC0041FDDB;
			productRefGroup = 3AA8CA8F2B9AB5AC0041FDDB /* Products */;
			projectDirPath = "";
			projectRoot = "";
			targets = (
				3AA8CA8D2B9AB5AC0041FDDB /* GeometryDash */,
				3AA8CA9F2B9AB5AE0041FDDB /* GeometryDashTests */,
				3AA8CAA92B9AB5AE0041FDDB /* GeometryDashUITests */,
			);
		};
/* End PBXProject section */

/* Begin PBXResourcesBuildPhase section */
		3AA8CA8C2B9AB5AC0041FDDB /* Resources */ = {
			isa = PBXResourcesBuildPhase;
			buildActionMask = 2147483647;
			files = (
				3AA8CA952B9AB5AD0041FDDB /* Assets.xcassets in Resources */,
			);
			runOnlyForDeploymentPostprocessing = 0;
		};
		3AA8CA9E2B9AB5AE0041FDDB /* Resources */ = {
			isa = PBXResourcesBuildPhase;
			buildActionMask = 2147483647;
			files = (
			);
			runOnlyForDeploymentPostprocessing = 0;
		};
		3AA8CAA82B9AB5AE0041FDDB /* Resources */ = {
			isa = PBXResourcesBuildPhase;
			buildActionMask = 2147483647;
			files = (
			);
			runOnlyForDeploymentPostprocessing = 0;
		};
/* End PBXResourcesBuildPhase section */

/* Begin PBXSourcesBuildPhase section */
		3AA8CA8A2B9AB5AC0041FDDB /* Sources */ = {
			isa = PBXSourcesBuildPhase;
			buildActionMask = 2147483647;
			files = (
				3AA8CAC12B9AB6650041FDDB /* main.cpp in Sources */,
			);
			runOnlyForDeploymentPostprocessing = 0;
		};
		3AA8CA9C2B9AB5AE0041FDDB /* Sources */ = {
			isa = PBXSourcesBuildPhase;
			buildActionMask = 2147483647;
			files = (
			);
			runOnlyForDeploymentPostprocessing = 0;
		};
		3AA8CAA62B9AB5AE0041FDDB /* Sources */ = {
			isa = PBXSourcesBuildPhase;
			buildActionMask = 2147483647;
			files = (
			);
			runOnlyForDeploymentPostprocessing = 0;
		};
/* End PBXSourcesBuildPhase section */

/* Begin PBXTargetDependency section */
		3AA8CAA22B9AB5AE0041FDDB /* PBXTargetDependency */ = {
			isa = PBXTargetDependency;
			target = 3AA8CA8D2B9AB5AC0041FDDB /* GeometryDash */;
			targetProxy = 3AA8CAA12B9AB5AE0041FDDB /* PBXContainerItemProxy */;
		};
		3AA8CAAC2B9AB5AE0041FDDB /* PBXTargetDependency */ = {
			isa = PBXTargetDependency;
			target = 3AA8CA8D2B9AB5AC0041FDDB /* GeometryDash */;
			targetProxy = 3AA8CAAB2B9AB5AE0041FDDB /* PBXContainerItemProxy */;
		};
/* End PBXTargetDependency section */

/* Begin XCBuildConfiguration section */
		3AA8CAB22B9AB5AE0041FDDB /* Debug */ = {
			isa = XCBuildConfiguration;
			buildSettings = {
				ALWAYS_SEARCH_USER_PATHS = NO;
				ASSETCATALOG_COMPILER_GENERATE_SWIFT_ASSET_SYMBOL_EXTENSIONS = YES;
				CLANG_ANALYZER_NONNULL = YES;
				CLANG_ANALYZER_NUMBER_OBJECT_CONVERSION = YES_AGGRESSIVE;
				CLANG_CXX_LANGUAGE_STANDARD = "gnu++20";
				CLANG_ENABLE_MODULES = YES;
				CLANG_ENABLE_OBJC_ARC = YES;
				CLANG_ENABLE_OBJC_WEAK = YES;
				CLANG_WARN_BLOCK_CAPTURE_AUTORELEASING = YES;
				CLANG_WARN_BOOL_CONVERSION = YES;
				CLANG_WARN_COMMA = YES;
				CLANG_WARN_CONSTANT_CONVERSION = YES;
				CLANG_WARN_DEPRECATED_OBJC_IMPLEMENTATIONS = YES;
				CLANG_WARN_DIRECT_OBJC_ISA_USAGE = YES_ERROR;
				CLANG_WARN_DOCUMENTATION_COMMENTS = YES;
				CLANG_WARN_EMPTY_BODY = YES;
				CLANG_WARN_ENUM_CONVERSION = YES;
				CLANG_WARN_INFINITE_RECURSION = YES;
				CLANG_WARN_INT_CONVERSION = YES;
				CLANG_WARN_NON_LITERAL_NULL_CONVERSION = YES;
				CLANG_WARN_OBJC_IMPLICIT_RETAIN_SELF = YES;
				CLANG_WARN_OBJC_LITERAL_CONVERSION = YES;
				CLANG_WARN_OBJC_ROOT_CLASS = YES_ERROR;
				CLANG_WARN_QUOTED_INCLUDE_IN_FRAMEWORK_HEADER = YES;
				CLANG_WARN_RANGE_LOOP_ANALYSIS = YES;
				CLANG_WARN_STRICT_PROTOTYPES = YES;
				CLANG_WARN_SUSPICIOUS_MOVE = YES;
				CLANG_WARN_UNGUARDED_AVAILABILITY = YES_AGGRESSIVE;
				CLANG_WARN_UNREACHABLE_CODE = YES;
				CLANG_WARN__DUPLICATE_METHOD_MATCH = YES;
				COPY_PHASE_STRIP = NO;
				DEBUG_INFORMATION_FORMAT = dwarf;
				ENABLE_STRICT_OBJC_MSGSEND = YES;
				ENABLE_TESTABILITY = YES;
				ENABLE_USER_SCRIPT_SANDBOXING = YES;
				GCC_C_LANGUAGE_STANDARD = gnu17;
				GCC_DYNAMIC_NO_PIC = NO;
				GCC_NO_COMMON_BLOCKS = YES;
				GCC_OPTIMIZATION_LEVEL = 0;
				GCC_PREPROCESSOR_DEFINITIONS = (
					"DEBUG=1",
					"$(inherited)",
				);
				GCC_WARN_64_TO_32_BIT_CONVERSION = YES;
				GCC_WARN_ABOUT_RETURN_TYPE = YES_ERROR;
				GCC_WARN_UNDECLARED_SELECTOR = YES;
				GCC_WARN_UNINITIALIZED_AUTOS = YES_AGGRESSIVE;
				GCC_WARN_UNUSED_FUNCTION = YES;
				GCC_WARN_UNUSED_VARIABLE = YES;
				LOCALIZATION_PREFERS_STRING_CATALOGS = YES;
				MACOSX_DEPLOYMENT_TARGET = 14.2;
				MTL_ENABLE_DEBUG_INFO = INCLUDE_SOURCE;
				MTL_FAST_MATH = YES;
				ONLY_ACTIVE_ARCH = YES;
				SDKROOT = macosx;
			};
			name = Debug;
		};
		3AA8CAB32B9AB5AE0041FDDB /* Release */ = {
			isa = XCBuildConfiguration;
			buildSettings = {
				ALWAYS_SEARCH_USER_PATHS = NO;
				ASSETCATALOG_COMPILER_GENERATE_SWIFT_ASSET_SYMBOL_EXTENSIONS = YES;
				CLANG_ANALYZER_NONNULL = YES;
				CLANG_ANALYZER_NUMBER_OBJECT_CONVERSION = YES_AGGRESSIVE;
				CLANG_CXX_LANGUAGE_STANDARD = "gnu++20";
				CLANG_ENABLE_MODULES = YES;
				CLANG_ENABLE_OBJC_ARC = YES;
				CLANG_ENABLE_OBJC_WEAK = YES;
				CLANG_WARN_BLOCK_CAPTURE_AUTORELEASING = YES;
				CLANG_WARN_BOOL_CONVERSION = YES;
				CLANG_WARN_COMMA = YES;
				CLANG_WARN_CONSTANT_CONVERSION = YES;
				CLANG_WARN_DEPRECATED_OBJC_IMPLEMENTATIONS = YES;
				CLANG_WARN_DIRECT_OBJC_ISA_USAGE = YES_ERROR;
				CLANG_WARN_DOCUMENTATION_COMMENTS = YES;
				CLANG_WARN_EMPTY_BODY = YES;
				CLANG_WARN_ENUM_CONVERSION = YES;
				CLANG_WARN_INFINITE_RECURSION = YES;
				CLANG_WARN_INT_CONVERSION = YES;
				CLANG_WARN_NON_LITERAL_NULL_CONVERSION = YES;
				CLANG_WARN_OBJC_IMPLICIT_RETAIN_SELF = YES;
				CLANG_WARN_OBJC_LITERAL_CONVERSION = YES;
				CLANG_WARN_OBJC_ROOT_CLASS = YES_ERROR;
				CLANG_WARN_QUOTED_INCLUDE_IN_FRAMEWORK_HEADER = YES;
				CLANG_WARN_RANGE_LOOP_ANALYSIS = YES;
				CLANG_WARN_STRICT_PROTOTYPES = YES;
				CLANG_WARN_SUSPICIOUS_MOVE = YES;
				CLANG_WARN_UNGUARDED_AVAILABILITY = YES_AGGRESSIVE;
				CLANG_WARN_UNREACHABLE_CODE = YES;
				CLANG_WARN__DUPLICATE_METHOD_MATCH = YES;
				COPY_PHASE_STRIP = NO;
				DEBUG_INFORMATION_FORMAT = "dwarf-with-dsym";
				ENABLE_NS_ASSERTIONS = NO;
				ENABLE_STRICT_OBJC_MSGSEND = YES;
				ENABLE_USER_SCRIPT_SANDBOXING = YES;
				GCC_C_LANGUAGE_STANDARD = gnu17;
				GCC_NO_COMMON_BLOCKS = YES;
				GCC_WARN_64_TO_32_BIT_CONVERSION = YES;
				GCC_WARN_ABOUT_RETURN_TYPE = YES_ERROR;
				GCC_WARN_UNDECLARED_SELECTOR = YES;
				GCC_WARN_UNINITIALIZED_AUTOS = YES_AGGRESSIVE;
				GCC_WARN_UNUSED_FUNCTION = YES;
				GCC_WARN_UNUSED_VARIABLE = YES;
				LOCALIZATION_PREFERS_STRING_CATALOGS = YES;
				MACOSX_DEPLOYMENT_TARGET = 14.2;
				MTL_ENABLE_DEBUG_INFO = NO;
				MTL_FAST_MATH = YES;
				SDKROOT = macosx;
			};
			name = Release;
		};
		3AA8CAB52B9AB5AE0041FDDB /* Debug */ = {
			isa = XCBuildConfiguration;
			buildSettings = {
				ASSETCATALOG_COMPILER_APPICON_NAME = AppIcon;
				ASSETCATALOG_COMPILER_GLOBAL_ACCENT_COLOR_NAME = AccentColor;
				CODE_SIGN_ENTITLEMENTS = GeometryDash/GeometryDash.entitlements;
				CODE_SIGN_STYLE = Automatic;
				COMBINE_HIDPI_IMAGES = YES;
				CURRENT_PROJECT_VERSION = 1;
				FRAMEWORK_SEARCH_PATHS = (
					"$(inherited)",
					"$(USER_LIBRARY_DIR)/Frameworks",
				);
				GENERATE_INFOPLIST_FILE = YES;
				INFOPLIST_KEY_NSHumanReadableCopyright = "";
				INFOPLIST_KEY_NSMainNibFile = MainMenu;
				INFOPLIST_KEY_NSPrincipalClass = NSApplication;
				LD_RUNPATH_SEARCH_PATHS = (
					"$(inherited)",
					"@executable_path/../Frameworks",
				);
				MARKETING_VERSION = 1.0;
				PRODUCT_BUNDLE_IDENTIFIER = SDLGame.GeometryDash;
				PRODUCT_NAME = "$(TARGET_NAME)";
				SWIFT_EMIT_LOC_STRINGS = YES;
			};
			name = Debug;
		};
		3AA8CAB62B9AB5AE0041FDDB /* Release */ = {
			isa = XCBuildConfiguration;
			buildSettings = {
				ASSETCATALOG_COMPILER_APPICON_NAME = AppIcon;
				ASSETCATALOG_COMPILER_GLOBAL_ACCENT_COLOR_NAME = AccentColor;
				CODE_SIGN_ENTITLEMENTS = GeometryDash/GeometryDash.entitlements;
				CODE_SIGN_STYLE = Automatic;
				COMBINE_HIDPI_IMAGES = YES;
				CURRENT_PROJECT_VERSION = 1;
				FRAMEWORK_SEARCH_PATHS = (
					"$(inherited)",
					"$(USER_LIBRARY_DIR)/Frameworks",
				);
				GENERATE_INFOPLIST_FILE = YES;
				INFOPLIST_KEY_NSHumanReadableCopyright = "";
				INFOPLIST_KEY_NSMainNibFile = MainMenu;
				INFOPLIST_KEY_NSPrincipalClass = NSApplication;
				LD_RUNPATH_SEARCH_PATHS = (
					"$(inherited)",
					"@executable_path/../Frameworks",
				);
				MARKETING_VERSION = 1.0;
				PRODUCT_BUNDLE_IDENTIFIER = SDLGame.GeometryDash;
				PRODUCT_NAME = "$(TARGET_NAME)";
				SWIFT_EMIT_LOC_STRINGS = YES;
			};
			name = Release;
		};
		3AA8CAB82B9AB5AE0041FDDB /* Debug */ = {
			isa = XCBuildConfiguration;
			buildSettings = {
				BUNDLE_LOADER = "$(TEST_HOST)";
				CODE_SIGN_STYLE = Automatic;
				CURRENT_PROJECT_VERSION = 1;
				GENERATE_INFOPLIST_FILE = YES;
				MACOSX_DEPLOYMENT_TARGET = 14.2;
				MARKETING_VERSION = 1.0;
				PRODUCT_BUNDLE_IDENTIFIER = SDLGame.GeometryDashTests;
				PRODUCT_NAME = "$(TARGET_NAME)";
				SWIFT_EMIT_LOC_STRINGS = NO;
				TEST_HOST = "$(BUILT_PRODUCTS_DIR)/GeometryDash.app/$(BUNDLE_EXECUTABLE_FOLDER_PATH)/GeometryDash";
			};
			name = Debug;
		};
		3AA8CAB92B9AB5AE0041FDDB /* Release */ = {
			isa = XCBuildConfiguration;
			buildSettings = {
				BUNDLE_LOADER = "$(TEST_HOST)";
				CODE_SIGN_STYLE = Automatic;
				CURRENT_PROJECT_VERSION = 1;
				GENERATE_INFOPLIST_FILE = YES;
				MACOSX_DEPLOYMENT_TARGET = 14.2;
				MARKETING_VERSION = 1.0;
				PRODUCT_BUNDLE_IDENTIFIER = SDLGame.GeometryDashTests;
				PRODUCT_NAME = "$(TARGET_NAME)";
				SWIFT_EMIT_LOC_STRINGS = NO;
				TEST_HOST = "$(BUILT_PRODUCTS_DIR)/GeometryDash.app/$(BUNDLE_EXECUTABLE_FOLDER_PATH)/GeometryDash";
			};
			name = Release;
		};
		3AA8CABB2B9AB5AE0041FDDB /* Debug */ = {
			isa = XCBuildConfiguration;
			buildSettings = {
				CODE_SIGN_STYLE = Automatic;
				CURRENT_PROJECT_VERSION = 1;
				GENERATE_INFOPLIST_FILE = YES;
				MARKETING_VERSION = 1.0;
				PRODUCT_BUNDLE_IDENTIFIER = SDLGame.GeometryDashUITests;
				PRODUCT_NAME = "$(TARGET_NAME)";
				SWIFT_EMIT_LOC_STRINGS = NO;
				TEST_TARGET_NAME = GeometryDash;
			};
			name = Debug;
		};
		3AA8CABC2B9AB5AE0041FDDB /* Release */ = {
			isa = XCBuildConfiguration;
			buildSettings = {
				CODE_SIGN_STYLE = Automatic;
				CURRENT_PROJECT_VERSION = 1;
				GENERATE_INFOPLIST_FILE = YES;
				MARKETING_VERSION = 1.0;
				PRODUCT_BUNDLE_IDENTIFIER = SDLGame.GeometryDashUITests;
				PRODUCT_NAME = "$(TARGET_NAME)";
				SWIFT_EMIT_LOC_STRINGS = NO;
				TEST_TARGET_NAME = GeometryDash;
			};
			name = Release;
		};
/* End XCBuildConfiguration section */

/* Begin XCConfigurationList section */
		3AA8CA892B9AB5AC0041FDDB /* Build configuration list for PBXProject "GeometryDash" */ = {
			isa = XCConfigurationList;
			buildConfigurations = (
				3AA8CAB22B9AB5AE0041FDDB /* Debug */,
				3AA8CAB32B9AB5AE0041FDDB /* Release */,
			);
			defaultConfigurationIsVisible = 0;
			defaultConfigurationName = Release;
		};
		3AA8CAB42B9AB5AE0041FDDB /* Build configuration list for PBXNativeTarget "GeometryDash" */ = {
			isa = XCConfigurationList;
			buildConfigurations = (
				3AA8CAB52B9AB5AE0041FDDB /* Debug */,
				3AA8CAB62B9AB5AE0041FDDB /* Release */,
			);
			defaultConfigurationIsVisible = 0;
			defaultConfigurationName = Release;
		};
		3AA8CAB72B9AB5AE0041FDDB /* Build configuration list for PBXNativeTarget "GeometryDashTests" */ = {
			isa = XCConfigurationList;
			buildConfigurations = (
				3AA8CAB82B9AB5AE0041FDDB /* Debug */,
				3AA8CAB92B9AB5AE0041FDDB /* Release */,
			);
			defaultConfigurationIsVisible = 0;
			defaultConfigurationName = Release;
		};
		3AA8CABA2B9AB5AE0041FDDB /* Build configuration list for PBXNativeTarget "GeometryDashUITests" */ = {
			isa = XCConfigurationList;
			buildConfigurations = (
				3AA8CABB2B9AB5AE0041FDDB /* Debug */,
				3AA8CABC2B9AB5AE0041FDDB /* Release */,
			);
			defaultConfigurationIsVisible = 0;
			defaultConfigurationName = Release;
		};
/* End XCConfigurationList section */
	};
	rootObject = 3AA8CA862B9AB5AC0041FDDB /* Project object */;
}
